
Microsoft Visual Studio Solution File, Format Version 12.00
# Visual Studio 15
VisualStudioVersion = 15.0.28307.572
MinimumVisualStudioVersion = 10.0.40219.1
Project("{FAE04EC0-301F-11D3-BF4B-00C04F79EFBC}") = "wiel3", "wiel3\wiel3.csproj", "{758A7418-FA6A-4917-ADE7-A8A79FB8DB65}"
EndProject
Global
	GlobalSection(SolutionConfigurationPlatforms) = preSolution
		Debug|Any CPU = Debug|Any CPU
		Release|Any CPU = Release|Any CPU
	EndGlobalSection
	GlobalSection(ProjectConfigurationPlatforms) = postSolution
		{758A7418-FA6A-4917-ADE7-A8A79FB8DB65}.Debug|Any CPU.ActiveCfg = Debug|Any CPU
		{758A7418-FA6A-4917-ADE7-A8A79FB8DB65}.Debug|Any CPU.Build.0 = Debug|Any CPU
		{758A7418-FA6A-4917-ADE7-A8A79FB8DB65}.Release|Any CPU.ActiveCfg = Release|Any CPU
		{758A7418-FA6A-4917-ADE7-A8A79FB8DB65}.Release|Any CPU.Build.0 = Release|Any CPU
	EndGlobalSection
	GlobalSection(SolutionProperties) = preSolution
		HideSolutionNode = FALSE
	EndGlobalSection
	GlobalSection(ExtensibilityGlobals) = postSolution
		SolutionGuid = {5FFE0F3F-51C8-4B6F-B736-044A190A3F6B}
	EndGlobalSection
EndGlobal
